
Microsoft Visual Studio Solution File, Format Version 12.00
# Visual Studio 15
VisualStudioVersion = 15.0.28307.1684
MinimumVisualStudioVersion = 10.0.40219.1
Project("{FAE04EC0-301F-11D3-BF4B-00C04F79EFBC}") = "SWM", "SWM\SWM.csproj", "{35DBED1C-71D7-4B8C-9203-37ECF305897E}"
EndProject
Global
	GlobalSection(SolutionConfigurationPlatforms) = preSolution
		Debug|Any CPU = Debug|Any CPU
		Release|Any CPU = Release|Any CPU
	EndGlobalSection
	GlobalSection(ProjectConfigurationPlatforms) = postSolution
		{35DBED1C-71D7-4B8C-9203-37ECF305897E}.Debug|Any CPU.ActiveCfg = Debug|Any CPU
		{35DBED1C-71D7-4B8C-9203-37ECF305897E}.Debug|Any CPU.Build.0 = Debug|Any CPU
		{35DBED1C-71D7-4B8C-9203-37ECF305897E}.Release|Any CPU.ActiveCfg = Release|Any CPU
		{35DBED1C-71D7-4B8C-9203-37ECF305897E}.Release|Any CPU.Build.0 = Release|Any CPU
	EndGlobalSection
	GlobalSection(SolutionProperties) = preSolution
		HideSolutionNode = FALSE
	EndGlobalSection
	GlobalSection(ExtensibilityGlobals) = postSolution
		SolutionGuid = {B4BFAFBC-2506-41F3-815D-8AE9DDC9D3F1}
	EndGlobalSection
EndGlobal
